
Microsoft Visual Studio Solution File, Format Version 12.00
# Visual Studio Version 16
VisualStudioVersion = 25.0.1703.6
MinimumVisualStudioVersion = 10.0.40219.1
Project("{FAE04EC0-301F-11D3-BF4B-00C04F79EFBC}") = "PrimeiroProjeto", "PrimeiroProjeto\PrimeiroProjeto.csproj", "{2B229302-4E67-490B-92DE-BC751939B9CF}"
EndProject
Global
	GlobalSection(SolutionConfigurationPlatforms) = preSolution
		Debug|Any CPU = Debug|Any CPU
		Release|Any CPU = Release|Any CPU
	EndGlobalSection
	GlobalSection(ProjectConfigurationPlatforms) = postSolution
		{2B229302-4E67-490B-92DE-BC751939B9CF}.Debug|Any CPU.ActiveCfg = Debug|Any CPU
		{2B229302-4E67-490B-92DE-BC751939B9CF}.Debug|Any CPU.Build.0 = Debug|Any CPU
		{2B229302-4E67-490B-92DE-BC751939B9CF}.Release|Any CPU.ActiveCfg = Release|Any CPU
		{2B229302-4E67-490B-92DE-BC751939B9CF}.Release|Any CPU.Build.0 = Release|Any CPU
	EndGlobalSection
	GlobalSection(SolutionProperties) = preSolution
		HideSolutionNode = FALSE
	EndGlobalSection
	GlobalSection(ExtensibilityGlobals) = postSolution
		SolutionGuid = {BC5F5C03-CCFB-4275-A786-E6DC60871E84}
	EndGlobalSection
EndGlobal
