
Microsoft Visual Studio Solution File, Format Version 12.00
# Visual Studio Version 16
VisualStudioVersion = 25.0.1703.8
MinimumVisualStudioVersion = 10.0.40219.1
Project("{FAE04EC0-301F-11D3-BF4B-00C04F79EFBC}") = "SalesWeb", "SalesWeb.csproj", "{6B999B1C-AE9C-4AD8-AED5-694299AEC49A}"
EndProject
Global
	GlobalSection(SolutionConfigurationPlatforms) = preSolution
		Debug|Any CPU = Debug|Any CPU
		Release|Any CPU = Release|Any CPU
	EndGlobalSection
	GlobalSection(ProjectConfigurationPlatforms) = postSolution
		{6B999B1C-AE9C-4AD8-AED5-694299AEC49A}.Debug|Any CPU.ActiveCfg = Debug|Any CPU
		{6B999B1C-AE9C-4AD8-AED5-694299AEC49A}.Debug|Any CPU.Build.0 = Debug|Any CPU
		{6B999B1C-AE9C-4AD8-AED5-694299AEC49A}.Release|Any CPU.ActiveCfg = Release|Any CPU
		{6B999B1C-AE9C-4AD8-AED5-694299AEC49A}.Release|Any CPU.Build.0 = Release|Any CPU
	EndGlobalSection
	GlobalSection(SolutionProperties) = preSolution
		HideSolutionNode = FALSE
	EndGlobalSection
	GlobalSection(ExtensibilityGlobals) = postSolution
		SolutionGuid = {EBE18CCA-9286-4222-B1DE-D34EFB311827}
	EndGlobalSection
EndGlobal
