
Microsoft Visual Studio Solution File, Format Version 12.00
# Visual Studio Version 16
VisualStudioVersion = 25.0.1703.6
MinimumVisualStudioVersion = 10.0.40219.1
Project("{FAE04EC0-301F-11D3-BF4B-00C04F79EFBC}") = "HelpClass", "HelpClass\HelpClass.csproj", "{DD22A6FD-9E76-498B-A8B3-25694229A350}"
EndProject
Global
	GlobalSection(SolutionConfigurationPlatforms) = preSolution
		Debug|Any CPU = Debug|Any CPU
		Release|Any CPU = Release|Any CPU
	EndGlobalSection
	GlobalSection(ProjectConfigurationPlatforms) = postSolution
		{DD22A6FD-9E76-498B-A8B3-25694229A350}.Debug|Any CPU.ActiveCfg = Debug|Any CPU
		{DD22A6FD-9E76-498B-A8B3-25694229A350}.Debug|Any CPU.Build.0 = Debug|Any CPU
		{DD22A6FD-9E76-498B-A8B3-25694229A350}.Release|Any CPU.ActiveCfg = Release|Any CPU
		{DD22A6FD-9E76-498B-A8B3-25694229A350}.Release|Any CPU.Build.0 = Release|Any CPU
	EndGlobalSection
	GlobalSection(SolutionProperties) = preSolution
		HideSolutionNode = FALSE
	EndGlobalSection
	GlobalSection(ExtensibilityGlobals) = postSolution
		SolutionGuid = {564A1C3D-1BCA-40A5-8CF1-9D3F5E94E271}
	EndGlobalSection
EndGlobal
